// !$*UTF8*$!
{
	archiveVersion = 1;
	classes = {
	};
	objectVersion = 50;
	objects = {

/* Begin PBXBuildFile section */
		20C30D2520AA70D10018C2E8 /* AppDelegate.swift in Sources */ = {isa = PBXBuildFile; fileRef = 20C30D2420AA70D10018C2E8 /* AppDelegate.swift */; };
		20C30D2720AA70D10018C2E8 /* ViewController.swift in Sources */ = {isa = PBXBuildFile; fileRef = 20C30D2620AA70D10018C2E8 /* ViewController.swift */; };
		20C30D2A20AA70D10018C2E8 /* Main.storyboard in Resources */ = {isa = PBXBuildFile; fileRef = 20C30D2820AA70D10018C2E8 /* Main.storyboard */; };
		20C30D2C20AA70D20018C2E8 /* Assets.xcassets in Resources */ = {isa = PBXBuildFile; fileRef = 20C30D2B20AA70D20018C2E8 /* Assets.xcassets */; };
		20C30D2F20AA70D20018C2E8 /* LaunchScreen.storyboard in Resources */ = {isa = PBXBuildFile; fileRef = 20C30D2D20AA70D20018C2E8 /* LaunchScreen.storyboard */; };
		20C30D3A20AA70D30018C2E8 /* WordFromPicTests.swift in Sources */ = {isa = PBXBuildFile; fileRef = 20C30D3920AA70D30018C2E8 /* WordFromPicTests.swift */; };
		20C30D4520AA70D30018C2E8 /* WordFromPicUITests.swift in Sources */ = {isa = PBXBuildFile; fileRef = 20C30D4420AA70D30018C2E8 /* WordFromPicUITests.swift */; };
		2F36364720AAA764003219AA /* PreviewViewController.swift in Sources */ = {isa = PBXBuildFile; fileRef = 2F36364620AAA764003219AA /* PreviewViewController.swift */; };
		2F36365D20AC0BD0003219AA /* TinyYOLO.mlmodel in Sources */ = {isa = PBXBuildFile; fileRef = 2F36365C20AC0BD0003219AA /* TinyYOLO.mlmodel */; };
		2F36365F20AC0BD7003219AA /* Inceptionv3.mlmodel in Sources */ = {isa = PBXBuildFile; fileRef = 2F36365E20AC0BD7003219AA /* Inceptionv3.mlmodel */; };
		2F36366120AC0BDE003219AA /* PredictedObject.swift in Sources */ = {isa = PBXBuildFile; fileRef = 2F36366020AC0BDE003219AA /* PredictedObject.swift */; };
		2F36366320AC0BE6003219AA /* UIImage+CVPixelBuffer.swift in Sources */ = {isa = PBXBuildFile; fileRef = 2F36366220AC0BE6003219AA /* UIImage+CVPixelBuffer.swift */; };
/* End PBXBuildFile section */

/* Begin PBXContainerItemProxy section */
		20C30D3620AA70D30018C2E8 /* PBXContainerItemProxy */ = {
			isa = PBXContainerItemProxy;
			containerPortal = 20C30D1920AA70D10018C2E8 /* Project object */;
			proxyType = 1;
			remoteGlobalIDString = 20C30D2020AA70D10018C2E8;
			remoteInfo = WordFromPic;
		};
		20C30D4120AA70D30018C2E8 /* PBXContainerItemProxy */ = {
			isa = PBXContainerItemProxy;
			containerPortal = 20C30D1920AA70D10018C2E8 /* Project object */;
			proxyType = 1;
			remoteGlobalIDString = 20C30D2020AA70D10018C2E8;
			remoteInfo = WordFromPic;
		};
/* End PBXContainerItemProxy section */

/* Begin PBXFileReference section */
		20C30D2120AA70D10018C2E8 /* WordFromPic.app */ = {isa = PBXFileReference; explicitFileType = wrapper.application; includeInIndex = 0; path = WordFromPic.app; sourceTree = BUILT_PRODUCTS_DIR; };
		20C30D2420AA70D10018C2E8 /* AppDelegate.swift */ = {isa = PBXFileReference; lastKnownFileType = sourcecode.swift; path = AppDelegate.swift; sourceTree = "<group>"; };
		20C30D2620AA70D10018C2E8 /* ViewController.swift */ = {isa = PBXFileReference; lastKnownFileType = sourcecode.swift; path = ViewController.swift; sourceTree = "<group>"; };
		20C30D2920AA70D10018C2E8 /* Base */ = {isa = PBXFileReference; lastKnownFileType = file.storyboard; name = Base; path = Base.lproj/Main.storyboard; sourceTree = "<group>"; };
		20C30D2B20AA70D20018C2E8 /* Assets.xcassets */ = {isa = PBXFileReference; lastKnownFileType = folder.assetcatalog; path = Assets.xcassets; sourceTree = "<group>"; };
		20C30D2E20AA70D20018C2E8 /* Base */ = {isa = PBXFileReference; lastKnownFileType = file.storyboard; name = Base; path = Base.lproj/LaunchScreen.storyboard; sourceTree = "<group>"; };
		20C30D3020AA70D20018C2E8 /* Info.plist */ = {isa = PBXFileReference; lastKnownFileType = text.plist.xml; path = Info.plist; sourceTree = "<group>"; };
		20C30D3520AA70D30018C2E8 /* WordFromPicTests.xctest */ = {isa = PBXFileReference; explicitFileType = wrapper.cfbundle; includeInIndex = 0; path = WordFromPicTests.xctest; sourceTree = BUILT_PRODUCTS_DIR; };
		20C30D3920AA70D30018C2E8 /* WordFromPicTests.swift */ = {isa = PBXFileReference; lastKnownFileType = sourcecode.swift; path = WordFromPicTests.swift; sourceTree = "<group>"; };
		20C30D3B20AA70D30018C2E8 /* Info.plist */ = {isa = PBXFileReference; lastKnownFileType = text.plist.xml; path = Info.plist; sourceTree = "<group>"; };
		20C30D4020AA70D30018C2E8 /* WordFromPicUITests.xctest */ = {isa = PBXFileReference; explicitFileType = wrapper.cfbundle; includeInIndex = 0; path = WordFromPicUITests.xctest; sourceTree = BUILT_PRODUCTS_DIR; };
		20C30D4420AA70D30018C2E8 /* WordFromPicUITests.swift */ = {isa = PBXFileReference; lastKnownFileType = sourcecode.swift; path = WordFromPicUITests.swift; sourceTree = "<group>"; };
		20C30D4620AA70D30018C2E8 /* Info.plist */ = {isa = PBXFileReference; lastKnownFileType = text.plist.xml; path = Info.plist; sourceTree = "<group>"; };
		2F36364620AAA764003219AA /* PreviewViewController.swift */ = {isa = PBXFileReference; lastKnownFileType = sourcecode.swift; path = PreviewViewController.swift; sourceTree = "<group>"; };
		2F36365C20AC0BD0003219AA /* TinyYOLO.mlmodel */ = {isa = PBXFileReference; lastKnownFileType = file.mlmodel; path = TinyYOLO.mlmodel; sourceTree = "<group>"; };
		2F36365E20AC0BD7003219AA /* Inceptionv3.mlmodel */ = {isa = PBXFileReference; lastKnownFileType = file.mlmodel; path = Inceptionv3.mlmodel; sourceTree = "<group>"; };
		2F36366020AC0BDE003219AA /* PredictedObject.swift */ = {isa = PBXFileReference; fileEncoding = 4; lastKnownFileType = sourcecode.swift; path = PredictedObject.swift; sourceTree = "<group>"; };
		2F36366220AC0BE6003219AA /* UIImage+CVPixelBuffer.swift */ = {isa = PBXFileReference; fileEncoding = 4; lastKnownFileType = sourcecode.swift; path = "UIImage+CVPixelBuffer.swift"; sourceTree = "<group>"; };
/* End PBXFileReference section */

/* Begin PBXFrameworksBuildPhase section */
		20C30D1E20AA70D10018C2E8 /* Frameworks */ = {
			isa = PBXFrameworksBuildPhase;
			buildActionMask = 2147483647;
			files = (
			);
			runOnlyForDeploymentPostprocessing = 0;
		};
		20C30D3220AA70D30018C2E8 /* Frameworks */ = {
			isa = PBXFrameworksBuildPhase;
			buildActionMask = 2147483647;
			files = (
			);
			runOnlyForDeploymentPostprocessing = 0;
		};
		20C30D3D20AA70D30018C2E8 /* Frameworks */ = {
			isa = PBXFrameworksBuildPhase;
			buildActionMask = 2147483647;
			files = (
			);
			runOnlyForDeploymentPostprocessing = 0;
		};
/* End PBXFrameworksBuildPhase section */

/* Begin PBXGroup section */
		20C30D1820AA70D10018C2E8 = {
			isa = PBXGroup;
			children = (
				20C30D2320AA70D10018C2E8 /* WordFromPic */,
				20C30D3820AA70D30018C2E8 /* WordFromPicTests */,
				20C30D4320AA70D30018C2E8 /* WordFromPicUITests */,
				20C30D2220AA70D10018C2E8 /* Products */,
			);
			sourceTree = "<group>";
		};
		20C30D2220AA70D10018C2E8 /* Products */ = {
			isa = PBXGroup;
			children = (
				20C30D2120AA70D10018C2E8 /* WordFromPic.app */,
				20C30D3520AA70D30018C2E8 /* WordFromPicTests.xctest */,
				20C30D4020AA70D30018C2E8 /* WordFromPicUITests.xctest */,
			);
			name = Products;
			sourceTree = "<group>";
		};
		20C30D2320AA70D10018C2E8 /* WordFromPic */ = {
			isa = PBXGroup;
			children = (
				20C30D2420AA70D10018C2E8 /* AppDelegate.swift */,
				20C30D2620AA70D10018C2E8 /* ViewController.swift */,
				2F36364620AAA764003219AA /* PreviewViewController.swift */,
				20C30D2820AA70D10018C2E8 /* Main.storyboard */,
				20C30D2D20AA70D20018C2E8 /* LaunchScreen.storyboard */,
				2F36366220AC0BE6003219AA /* UIImage+CVPixelBuffer.swift */,
				2F36366020AC0BDE003219AA /* PredictedObject.swift */,
				2F36365E20AC0BD7003219AA /* Inceptionv3.mlmodel */,
				2F36365C20AC0BD0003219AA /* TinyYOLO.mlmodel */,
				20C30D2B20AA70D20018C2E8 /* Assets.xcassets */,
				20C30D3020AA70D20018C2E8 /* Info.plist */,
			);
			path = WordFromPic;
			sourceTree = "<group>";
		};
		20C30D3820AA70D30018C2E8 /* WordFromPicTests */ = {
			isa = PBXGroup;
			children = (
				20C30D3920AA70D30018C2E8 /* WordFromPicTests.swift */,
				20C30D3B20AA70D30018C2E8 /* Info.plist */,
			);
			path = WordFromPicTests;
			sourceTree = "<group>";
		};
		20C30D4320AA70D30018C2E8 /* WordFromPicUITests */ = {
			isa = PBXGroup;
			children = (
				20C30D4420AA70D30018C2E8 /* WordFromPicUITests.swift */,
				20C30D4620AA70D30018C2E8 /* Info.plist */,
			);
			path = WordFromPicUITests;
			sourceTree = "<group>";
		};
/* End PBXGroup section */

/* Begin PBXNativeTarget section */
		20C30D2020AA70D10018C2E8 /* WordFromPic */ = {
			isa = PBXNativeTarget;
			buildConfigurationList = 20C30D4920AA70D30018C2E8 /* Build configuration list for PBXNativeTarget "WordFromPic" */;
			buildPhases = (
				20C30D1D20AA70D10018C2E8 /* Sources */,
				20C30D1E20AA70D10018C2E8 /* Frameworks */,
				20C30D1F20AA70D10018C2E8 /* Resources */,
			);
			buildRules = (
			);
			dependencies = (
			);
			name = WordFromPic;
			productName = WordFromPic;
			productReference = 20C30D2120AA70D10018C2E8 /* WordFromPic.app */;
			productType = "com.apple.product-type.application";
		};
		20C30D3420AA70D30018C2E8 /* WordFromPicTests */ = {
			isa = PBXNativeTarget;
			buildConfigurationList = 20C30D4C20AA70D30018C2E8 /* Build configuration list for PBXNativeTarget "WordFromPicTests" */;
			buildPhases = (
				20C30D3120AA70D30018C2E8 /* Sources */,
				20C30D3220AA70D30018C2E8 /* Frameworks */,
				20C30D3320AA70D30018C2E8 /* Resources */,
			);
			buildRules = (
			);
			dependencies = (
				20C30D3720AA70D30018C2E8 /* PBXTargetDependency */,
			);
			name = WordFromPicTests;
			productName = WordFromPicTests;
			productReference = 20C30D3520AA70D30018C2E8 /* WordFromPicTests.xctest */;
			productType = "com.apple.product-type.bundle.unit-test";
		};
		20C30D3F20AA70D30018C2E8 /* WordFromPicUITests */ = {
			isa = PBXNativeTarget;
			buildConfigurationList = 20C30D4F20AA70D30018C2E8 /* Build configuration list for PBXNativeTarget "WordFromPicUITests" */;
			buildPhases = (
				20C30D3C20AA70D30018C2E8 /* Sources */,
				20C30D3D20AA70D30018C2E8 /* Frameworks */,
				20C30D3E20AA70D30018C2E8 /* Resources */,
			);
			buildRules = (
			);
			dependencies = (
				20C30D4220AA70D30018C2E8 /* PBXTargetDependency */,
			);
			name = WordFromPicUITests;
			productName = WordFromPicUITests;
			productReference = 20C30D4020AA70D30018C2E8 /* WordFromPicUITests.xctest */;
			productType = "com.apple.product-type.bundle.ui-testing";
		};
/* End PBXNativeTarget section */

/* Begin PBXProject section */
		20C30D1920AA70D10018C2E8 /* Project object */ = {
			isa = PBXProject;
			attributes = {
				LastSwiftUpdateCheck = 0930;
				LastUpgradeCheck = 0930;
				ORGANIZATIONNAME = "Huy Lê";
				TargetAttributes = {
					20C30D2020AA70D10018C2E8 = {
						CreatedOnToolsVersion = 9.3.1;
					};
					20C30D3420AA70D30018C2E8 = {
						CreatedOnToolsVersion = 9.3.1;
						TestTargetID = 20C30D2020AA70D10018C2E8;
					};
					20C30D3F20AA70D30018C2E8 = {
						CreatedOnToolsVersion = 9.3.1;
						TestTargetID = 20C30D2020AA70D10018C2E8;
					};
				};
			};
			buildConfigurationList = 20C30D1C20AA70D10018C2E8 /* Build configuration list for PBXProject "WordFromPic" */;
			compatibilityVersion = "Xcode 9.3";
			developmentRegion = en;
			hasScannedForEncodings = 0;
			knownRegions = (
				en,
				Base,
			);
			mainGroup = 20C30D1820AA70D10018C2E8;
			productRefGroup = 20C30D2220AA70D10018C2E8 /* Products */;
			projectDirPath = "";
			projectRoot = "";
			targets = (
				20C30D2020AA70D10018C2E8 /* WordFromPic */,
				20C30D3420AA70D30018C2E8 /* WordFromPicTests */,
				20C30D3F20AA70D30018C2E8 /* WordFromPicUITests */,
			);
		};
/* End PBXProject section */

/* Begin PBXResourcesBuildPhase section */
		20C30D1F20AA70D10018C2E8 /* Resources */ = {
			isa = PBXResourcesBuildPhase;
			buildActionMask = 2147483647;
			files = (
				20C30D2F20AA70D20018C2E8 /* LaunchScreen.storyboard in Resources */,
				20C30D2C20AA70D20018C2E8 /* Assets.xcassets in Resources */,
				20C30D2A20AA70D10018C2E8 /* Main.storyboard in Resources */,
			);
			runOnlyForDeploymentPostprocessing = 0;
		};
		20C30D3320AA70D30018C2E8 /* Resources */ = {
			isa = PBXResourcesBuildPhase;
			buildActionMask = 2147483647;
			files = (
			);
			runOnlyForDeploymentPostprocessing = 0;
		};
		20C30D3E20AA70D30018C2E8 /* Resources */ = {
			isa = PBXResourcesBuildPhase;
			buildActionMask = 2147483647;
			files = (
			);
			runOnlyForDeploymentPostprocessing = 0;
		};
/* End PBXResourcesBuildPhase section */

/* Begin PBXSourcesBuildPhase section */
		20C30D1D20AA70D10018C2E8 /* Sources */ = {
			isa = PBXSourcesBuildPhase;
			buildActionMask = 2147483647;
			files = (
				2F36365F20AC0BD7003219AA /* Inceptionv3.mlmodel in Sources */,
				2F36366120AC0BDE003219AA /* PredictedObject.swift in Sources */,
				20C30D2720AA70D10018C2E8 /* ViewController.swift in Sources */,
				20C30D2520AA70D10018C2E8 /* AppDelegate.swift in Sources */,
				2F36366320AC0BE6003219AA /* UIImage+CVPixelBuffer.swift in Sources */,
				2F36364720AAA764003219AA /* PreviewViewController.swift in Sources */,
				2F36365D20AC0BD0003219AA /* TinyYOLO.mlmodel in Sources */,
			);
			runOnlyForDeploymentPostprocessing = 0;
		};
		20C30D3120AA70D30018C2E8 /* Sources */ = {
			isa = PBXSourcesBuildPhase;
			buildActionMask = 2147483647;
			files = (
				20C30D3A20AA70D30018C2E8 /* WordFromPicTests.swift in Sources */,
			);
			runOnlyForDeploymentPostprocessing = 0;
		};
		20C30D3C20AA70D30018C2E8 /* Sources */ = {
			isa = PBXSourcesBuildPhase;
			buildActionMask = 2147483647;
			files = (
				20C30D4520AA70D30018C2E8 /* WordFromPicUITests.swift in Sources */,
			);
			runOnlyForDeploymentPostprocessing = 0;
		};
/* End PBXSourcesBuildPhase section */

/* Begin PBXTargetDependency section */
		20C30D3720AA70D30018C2E8 /* PBXTargetDependency */ = {
			isa = PBXTargetDependency;
			target = 20C30D2020AA70D10018C2E8 /* WordFromPic */;
			targetProxy = 20C30D3620AA70D30018C2E8 /* PBXContainerItemProxy */;
		};
		20C30D4220AA70D30018C2E8 /* PBXTargetDependency */ = {
			isa = PBXTargetDependency;
			target = 20C30D2020AA70D10018C2E8 /* WordFromPic */;
			targetProxy = 20C30D4120AA70D30018C2E8 /* PBXContainerItemProxy */;
		};
/* End PBXTargetDependency section */

/* Begin PBXVariantGroup section */
		20C30D2820AA70D10018C2E8 /* Main.storyboard */ = {
			isa = PBXVariantGroup;
			children = (
				20C30D2920AA70D10018C2E8 /* Base */,
			);
			name = Main.storyboard;
			sourceTree = "<group>";
		};
		20C30D2D20AA70D20018C2E8 /* LaunchScreen.storyboard */ = {
			isa = PBXVariantGroup;
			children = (
				20C30D2E20AA70D20018C2E8 /* Base */,
			);
			name = LaunchScreen.storyboard;
			sourceTree = "<group>";
		};
/* End PBXVariantGroup section */

/* Begin XCBuildConfiguration section */
		20C30D4720AA70D30018C2E8 /* Debug */ = {
			isa = XCBuildConfiguration;
			buildSettings = {
				ALWAYS_SEARCH_USER_PATHS = NO;
				CLANG_ANALYZER_NONNULL = YES;
				CLANG_ANALYZER_NUMBER_OBJECT_CONVERSION = YES_AGGRESSIVE;
				CLANG_CXX_LANGUAGE_STANDARD = "gnu++14";
				CLANG_CXX_LIBRARY = "libc++";
				CLANG_ENABLE_MODULES = YES;
				CLANG_ENABLE_OBJC_ARC = YES;
				CLANG_ENABLE_OBJC_WEAK = YES;
				CLANG_WARN_BLOCK_CAPTURE_AUTORELEASING = YES;
				CLANG_WARN_BOOL_CONVERSION = YES;
				CLANG_WARN_COMMA = YES;
				CLANG_WARN_CONSTANT_CONVERSION = YES;
				CLANG_WARN_DEPRECATED_OBJC_IMPLEMENTATIONS = YES;
				CLANG_WARN_DIRECT_OBJC_ISA_USAGE = YES_ERROR;
				CLANG_WARN_DOCUMENTATION_COMMENTS = YES;
				CLANG_WARN_EMPTY_BODY = YES;
				CLANG_WARN_ENUM_CONVERSION = YES;
				CLANG_WARN_INFINITE_RECURSION = YES;
				CLANG_WARN_INT_CONVERSION = YES;
				CLANG_WARN_NON_LITERAL_NULL_CONVERSION = YES;
				CLANG_WARN_OBJC_IMPLICIT_RETAIN_SELF = YES;
				CLANG_WARN_OBJC_LITERAL_CONVERSION = YES;
				CLANG_WARN_OBJC_ROOT_CLASS = YES_ERROR;
				CLANG_WARN_RANGE_LOOP_ANALYSIS = YES;
				CLANG_WARN_STRICT_PROTOTYPES = YES;
				CLANG_WARN_SUSPICIOUS_MOVE = YES;
				CLANG_WARN_UNGUARDED_AVAILABILITY = YES_AGGRESSIVE;
				CLANG_WARN_UNREACHABLE_CODE = YES;
				CLANG_WARN__DUPLICATE_METHOD_MATCH = YES;
				CODE_SIGN_IDENTITY = "iPhone Developer";
				COPY_PHASE_STRIP = NO;
				DEBUG_INFORMATION_FORMAT = dwarf;
				ENABLE_STRICT_OBJC_MSGSEND = YES;
				ENABLE_TESTABILITY = YES;
				GCC_C_LANGUAGE_STANDARD = gnu11;
				GCC_DYNAMIC_NO_PIC = NO;
				GCC_NO_COMMON_BLOCKS = YES;
				GCC_OPTIMIZATION_LEVEL = 0;
				GCC_PREPROCESSOR_DEFINITIONS = (
					"DEBUG=1",
					"$(inherited)",
				);
				GCC_WARN_64_TO_32_BIT_CONVERSION = YES;
				GCC_WARN_ABOUT_RETURN_TYPE = YES_ERROR;
				GCC_WARN_UNDECLARED_SELECTOR = YES;
				GCC_WARN_UNINITIALIZED_AUTOS = YES_AGGRESSIVE;
				GCC_WARN_UNUSED_FUNCTION = YES;
				GCC_WARN_UNUSED_VARIABLE = YES;
				IPHONEOS_DEPLOYMENT_TARGET = 11.3;
				MTL_ENABLE_DEBUG_INFO = YES;
				ONLY_ACTIVE_ARCH = YES;
				SDKROOT = iphoneos;
				SWIFT_ACTIVE_COMPILATION_CONDITIONS = DEBUG;
				SWIFT_OPTIMIZATION_LEVEL = "-Onone";
			};
			name = Debug;
		};
		20C30D4820AA70D30018C2E8 /* Release */ = {
			isa = XCBuildConfiguration;
			buildSettings = {
				ALWAYS_SEARCH_USER_PATHS = NO;
				CLANG_ANALYZER_NONNULL = YES;
				CLANG_ANALYZER_NUMBER_OBJECT_CONVERSION = YES_AGGRESSIVE;
				CLANG_CXX_LANGUAGE_STANDARD = "gnu++14";
				CLANG_CXX_LIBRARY = "libc++";
				CLANG_ENABLE_MODULES = YES;
				CLANG_ENABLE_OBJC_ARC = YES;
				CLANG_ENABLE_OBJC_WEAK = YES;
				CLANG_WARN_BLOCK_CAPTURE_AUTORELEASING = YES;
				CLANG_WARN_BOOL_CONVERSION = YES;
				CLANG_WARN_COMMA = YES;
				CLANG_WARN_CONSTANT_CONVERSION = YES;
				CLANG_WARN_DEPRECATED_OBJC_IMPLEMENTATIONS = YES;
				CLANG_WARN_DIRECT_OBJC_ISA_USAGE = YES_ERROR;
				CLANG_WARN_DOCUMENTATION_COMMENTS = YES;
				CLANG_WARN_EMPTY_BODY = YES;
				CLANG_WARN_ENUM_CONVERSION = YES;
				CLANG_WARN_INFINITE_RECURSION = YES;
				CLANG_WARN_INT_CONVERSION = YES;
				CLANG_WARN_NON_LITERAL_NULL_CONVERSION = YES;
				CLANG_WARN_OBJC_IMPLICIT_RETAIN_SELF = YES;
				CLANG_WARN_OBJC_LITERAL_CONVERSION = YES;
				CLANG_WARN_OBJC_ROOT_CLASS = YES_ERROR;
				CLANG_WARN_RANGE_LOOP_ANALYSIS = YES;
				CLANG_WARN_STRICT_PROTOTYPES = YES;
				CLANG_WARN_SUSPICIOUS_MOVE = YES;
				CLANG_WARN_UNGUARDED_AVAILABILITY = YES_AGGRESSIVE;
				CLANG_WARN_UNREACHABLE_CODE = YES;
				CLANG_WARN__DUPLICATE_METHOD_MATCH = YES;
				CODE_SIGN_IDENTITY = "iPhone Developer";
				COPY_PHASE_STRIP = NO;
				DEBUG_INFORMATION_FORMAT = "dwarf-with-dsym";
				ENABLE_NS_ASSERTIONS = NO;
				ENABLE_STRICT_OBJC_MSGSEND = YES;
				GCC_C_LANGUAGE_STANDARD = gnu11;
				GCC_NO_COMMON_BLOCKS = YES;
				GCC_WARN_64_TO_32_BIT_CONVERSION = YES;
				GCC_WARN_ABOUT_RETURN_TYPE = YES_ERROR;
				GCC_WARN_UNDECLARED_SELECTOR = YES;
				GCC_WARN_UNINITIALIZED_AUTOS = YES_AGGRESSIVE;
				GCC_WARN_UNUSED_FUNCTION = YES;
				GCC_WARN_UNUSED_VARIABLE = YES;
				IPHONEOS_DEPLOYMENT_TARGET = 11.3;
				MTL_ENABLE_DEBUG_INFO = NO;
				SDKROOT = iphoneos;
				SWIFT_COMPILATION_MODE = wholemodule;
				SWIFT_OPTIMIZATION_LEVEL = "-O";
				VALIDATE_PRODUCT = YES;
			};
			name = Release;
		};
		20C30D4A20AA70D30018C2E8 /* Debug */ = {
			isa = XCBuildConfiguration;
			buildSettings = {
				ASSETCATALOG_COMPILER_APPICON_NAME = AppIcon;
				CODE_SIGN_STYLE = Automatic;
				DEVELOPMENT_TEAM = 5AG7BZR29U;
				INFOPLIST_FILE = WordFromPic/Info.plist;
				LD_RUNPATH_SEARCH_PATHS = (
					"$(inherited)",
					"@executable_path/Frameworks",
				);
				PRODUCT_BUNDLE_IDENTIFIER = Group41.WordFromPic;
				PRODUCT_NAME = "$(TARGET_NAME)";
				SWIFT_VERSION = 4.0;
				TARGETED_DEVICE_FAMILY = "1,2";
			};
			name = Debug;
		};
		20C30D4B20AA70D30018C2E8 /* Release */ = {
			isa = XCBuildConfiguration;
			buildSettings = {
				ASSETCATALOG_COMPILER_APPICON_NAME = AppIcon;
				CODE_SIGN_STYLE = Automatic;
				DEVELOPMENT_TEAM = 5AG7BZR29U;
				INFOPLIST_FILE = WordFromPic/Info.plist;
				LD_RUNPATH_SEARCH_PATHS = (
					"$(inherited)",
					"@executable_path/Frameworks",
				);
				PRODUCT_BUNDLE_IDENTIFIER = Group41.WordFromPic;
				PRODUCT_NAME = "$(TARGET_NAME)";
				SWIFT_VERSION = 4.0;
				TARGETED_DEVICE_FAMILY = "1,2";
			};
			name = Release;
		};
		20C30D4D20AA70D30018C2E8 /* Debug */ = {
			isa = XCBuildConfiguration;
			buildSettings = {
				ALWAYS_EMBED_SWIFT_STANDARD_LIBRARIES = YES;
				BUNDLE_LOADER = "$(TEST_HOST)";
				CODE_SIGN_STYLE = Automatic;
				DEVELOPMENT_TEAM = NA6NBMDED8;
				INFOPLIST_FILE = WordFromPicTests/Info.plist;
				LD_RUNPATH_SEARCH_PATHS = (
					"$(inherited)",
					"@executable_path/Frameworks",
					"@loader_path/Frameworks",
				);
				PRODUCT_BUNDLE_IDENTIFIER = "Group-41.WordFromPicTests";
				PRODUCT_NAME = "$(TARGET_NAME)";
				SWIFT_VERSION = 4.0;
				TARGETED_DEVICE_FAMILY = "1,2";
				TEST_HOST = "$(BUILT_PRODUCTS_DIR)/WordFromPic.app/WordFromPic";
			};
			name = Debug;
		};
		20C30D4E20AA70D30018C2E8 /* Release */ = {
			isa = XCBuildConfiguration;
			buildSettings = {
				ALWAYS_EMBED_SWIFT_STANDARD_LIBRARIES = YES;
				BUNDLE_LOADER = "$(TEST_HOST)";
				CODE_SIGN_STYLE = Automatic;
				DEVELOPMENT_TEAM = NA6NBMDED8;
				INFOPLIST_FILE = WordFromPicTests/Info.plist;
				LD_RUNPATH_SEARCH_PATHS = (
					"$(inherited)",
					"@executable_path/Frameworks",
					"@loader_path/Frameworks",
				);
				PRODUCT_BUNDLE_IDENTIFIER = "Group-41.WordFromPicTests";
				PRODUCT_NAME = "$(TARGET_NAME)";
				SWIFT_VERSION = 4.0;
				TARGETED_DEVICE_FAMILY = "1,2";
				TEST_HOST = "$(BUILT_PRODUCTS_DIR)/WordFromPic.app/WordFromPic";
			};
			name = Release;
		};
		20C30D5020AA70D30018C2E8 /* Debug */ = {
			isa = XCBuildConfiguration;
			buildSettings = {
				ALWAYS_EMBED_SWIFT_STANDARD_LIBRARIES = YES;
				CODE_SIGN_STYLE = Automatic;
				DEVELOPMENT_TEAM = NA6NBMDED8;
				INFOPLIST_FILE = WordFromPicUITests/Info.plist;
				LD_RUNPATH_SEARCH_PATHS = (
					"$(inherited)",
					"@executable_path/Frameworks",
					"@loader_path/Frameworks",
				);
				PRODUCT_BUNDLE_IDENTIFIER = "Group-41.WordFromPicUITests";
				PRODUCT_NAME = "$(TARGET_NAME)";
				SWIFT_VERSION = 4.0;
				TARGETED_DEVICE_FAMILY = "1,2";
				TEST_TARGET_NAME = WordFromPic;
			};
			name = Debug;
		};
		20C30D5120AA70D30018C2E8 /* Release */ = {
			isa = XCBuildConfiguration;
			buildSettings = {
				ALWAYS_EMBED_SWIFT_STANDARD_LIBRARIES = YES;
				CODE_SIGN_STYLE = Automatic;
				DEVELOPMENT_TEAM = NA6NBMDED8;
				INFOPLIST_FILE = WordFromPicUITests/Info.plist;
				LD_RUNPATH_SEARCH_PATHS = (
					"$(inherited)",
					"@executable_path/Frameworks",
					"@loader_path/Frameworks",
				);
				PRODUCT_BUNDLE_IDENTIFIER = "Group-41.WordFromPicUITests";
				PRODUCT_NAME = "$(TARGET_NAME)";
				SWIFT_VERSION = 4.0;
				TARGETED_DEVICE_FAMILY = "1,2";
				TEST_TARGET_NAME = WordFromPic;
			};
			name = Release;
		};
/* End XCBuildConfiguration section */

/* Begin XCConfigurationList section */
		20C30D1C20AA70D10018C2E8 /* Build configuration list for PBXProject "WordFromPic" */ = {
			isa = XCConfigurationList;
			buildConfigurations = (
				20C30D4720AA70D30018C2E8 /* Debug */,
				20C30D4820AA70D30018C2E8 /* Release */,
			);
			defaultConfigurationIsVisible = 0;
			defaultConfigurationName = Release;
		};
		20C30D4920AA70D30018C2E8 /* Build configuration list for PBXNativeTarget "WordFromPic" */ = {
			isa = XCConfigurationList;
			buildConfigurations = (
				20C30D4A20AA70D30018C2E8 /* Debug */,
				20C30D4B20AA70D30018C2E8 /* Release */,
			);
			defaultConfigurationIsVisible = 0;
			defaultConfigurationName = Release;
		};
		20C30D4C20AA70D30018C2E8 /* Build configuration list for PBXNativeTarget "WordFromPicTests" */ = {
			isa = XCConfigurationList;
			buildConfigurations = (
				20C30D4D20AA70D30018C2E8 /* Debug */,
				20C30D4E20AA70D30018C2E8 /* Release */,
			);
			defaultConfigurationIsVisible = 0;
			defaultConfigurationName = Release;
		};
		20C30D4F20AA70D30018C2E8 /* Build configuration list for PBXNativeTarget "WordFromPicUITests" */ = {
			isa = XCConfigurationList;
			buildConfigurations = (
				20C30D5020AA70D30018C2E8 /* Debug */,
				20C30D5120AA70D30018C2E8 /* Release */,
			);
			defaultConfigurationIsVisible = 0;
			defaultConfigurationName = Release;
		};
/* End XCConfigurationList section */
	};
	rootObject = 20C30D1920AA70D10018C2E8 /* Project object */;
}
